dependencies:
- name: argo-cd
  repository: https://argoproj.github.io/argo-helm
  version: 3.26.3
- name: argocd-image-updater
  repository: https://argoproj.github.io/argo-helm
  version: 0.6.0
digest: sha256:ab7ddf7ac9edc371f693a1d630c815f608cd2a96d8d10c016db00dda22919e40
generated: "2021-12-17T11:45:08.614586-06:00"
